schema: '2.0'
stages:
  ingest:
    cmd: python -m src.ingestion.load_data
    outs:
    - path: data/raw/data.parquet
      hash: md5
      md5: 51b279b77d3d9edc356b1c6e2a07ec49
      size: 22187778
  processing:
    cmd: python -m src.processing.cleaning
    deps:
    - path: data/raw/data.parquet
      hash: md5
      md5: 51b279b77d3d9edc356b1c6e2a07ec49
      size: 22187778
    outs:
    - path: data/processed/clean.parquet
      hash: md5
      md5: c20409a2cc9bfe784a6a2ebbd7e728a7
      size: 24397861
  features:
    cmd: python -m src.processing.feature_engineering
    deps:
    - path: data/processed/clean.parquet
      hash: md5
      md5: c20409a2cc9bfe784a6a2ebbd7e728a7
      size: 24397861
    outs:
    - path: data/features/features.parquet
      hash: md5
      md5: 5e666cd74c50c5ae63dc0d01a0d84ee8
      size: 24969086
  train:
    cmd: python -m src.modeling.train
    deps:
    - path: data/features/features.parquet
      hash: md5
      md5: 5e666cd74c50c5ae63dc0d01a0d84ee8
      size: 24969086
    - path: src/modeling/train.py
      hash: md5
      md5: 7c2903f6740fd223c909ffa0bc1d47d0
      size: 4608
    outs:
    - path: models/model.pkl
      hash: md5
      md5: 8508d2993c5434d131a4a63399a43bb2
      size: 16353
