schema: '2.0'
stages:
  ingest:
    cmd: python -m src.ingestion.load_data
    outs:
    - path: data/raw/data.parquet
      hash: md5
      md5: 51b279b77d3d9edc356b1c6e2a07ec49
      size: 22187778
  processing:
    cmd: python -m src.processing.cleaning
    deps:
    - path: data/raw/data.parquet
      hash: md5
      md5: 51b279b77d3d9edc356b1c6e2a07ec49
      size: 22187778
    outs:
    - path: data/processed/clean.parquet
      hash: md5
      md5: c20409a2cc9bfe784a6a2ebbd7e728a7
      size: 24397861
  features:
    cmd: python -m src.processing.feature_engineering
    deps:
    - path: data/processed/clean.parquet
      hash: md5
      md5: c20409a2cc9bfe784a6a2ebbd7e728a7
      size: 24397861
    outs:
    - path: data/features/features.parquet
      hash: md5
      md5: 39ffd3abcc8bee1c62e38975c7189ea8
      size: 24969086
  train:
    cmd: python -m src.modeling.train
    deps:
    - path: data/features/features.parquet
      hash: md5
      md5: 39ffd3abcc8bee1c62e38975c7189ea8
      size: 24969086
    - path: src/modeling/train.py
      hash: md5
      md5: 56988363b296f9db0c4aebbc759bbb36
      size: 8685
    outs:
    - path: models/
      hash: md5
      md5: 8406ba0d2d62de5dc9c90dc905ec343c.dir
      size: 1978930
      nfiles: 4
